// !$*UTF8*$!
{
	archiveVersion = 1;
	classes = {
	};
	objectVersion = 50;
	objects = {

/* Begin PBXBuildFile section */
		B194B3E7266D346400508B38 /* AppDelegate.swift in Sources */ = {isa = PBXBuildFile; fileRef = B194B3E6266D346400508B38 /* AppDelegate.swift */; };
		B194B3E9266D346400508B38 /* SceneDelegate.swift in Sources */ = {isa = PBXBuildFile; fileRef = B194B3E8266D346400508B38 /* SceneDelegate.swift */; };
		B194B3EB266D346400508B38 /* MemeEditorViewController.swift in Sources */ = {isa = PBXBuildFile; fileRef = B194B3EA266D346400508B38 /* MemeEditorViewController.swift */; };
		B194B3EE266D346400508B38 /* Main.storyboard in Resources */ = {isa = PBXBuildFile; fileRef = B194B3EC266D346400508B38 /* Main.storyboard */; };
		B194B3F0266D346A00508B38 /* Assets.xcassets in Resources */ = {isa = PBXBuildFile; fileRef = B194B3EF266D346A00508B38 /* Assets.xcassets */; };
		B194B3F3266D346A00508B38 /* LaunchScreen.storyboard in Resources */ = {isa = PBXBuildFile; fileRef = B194B3F1266D346A00508B38 /* LaunchScreen.storyboard */; };
		B194B3FE266D346A00508B38 /* MemeMeTests.swift in Sources */ = {isa = PBXBuildFile; fileRef = B194B3FD266D346A00508B38 /* MemeMeTests.swift */; };
		B194B409266D346A00508B38 /* MemeMeUITests.swift in Sources */ = {isa = PBXBuildFile; fileRef = B194B408266D346A00508B38 /* MemeMeUITests.swift */; };
		B194B417266ECA0900508B38 /* Meme.swift in Sources */ = {isa = PBXBuildFile; fileRef = B194B416266ECA0900508B38 /* Meme.swift */; };
		B194B465267D540A00508B38 /* MemeCollectionViewCell.swift in Sources */ = {isa = PBXBuildFile; fileRef = B194B464267D540A00508B38 /* MemeCollectionViewCell.swift */; };
		B194B467267D540D00508B38 /* MemeCollectionViewController.swift in Sources */ = {isa = PBXBuildFile; fileRef = B194B466267D540D00508B38 /* MemeCollectionViewController.swift */; };
		B194B46A267D55E000508B38 /* MemeTableViewCell.swift in Sources */ = {isa = PBXBuildFile; fileRef = B194B469267D55E000508B38 /* MemeTableViewCell.swift */; };
		B194B46C267D5B8100508B38 /* MemeDetailViewController.swift in Sources */ = {isa = PBXBuildFile; fileRef = B194B46B267D5B8100508B38 /* MemeDetailViewController.swift */; };
		B194B46E267D747800508B38 /* MemeTableViewController.swift in Sources */ = {isa = PBXBuildFile; fileRef = B194B46D267D747800508B38 /* MemeTableViewController.swift */; };
/* End PBXBuildFile section */

/* Begin PBXContainerItemProxy section */
		B194B3FA266D346A00508B38 /* PBXContainerItemProxy */ = {
			isa = PBXContainerItemProxy;
			containerPortal = B194B3DB266D346400508B38 /* Project object */;
			proxyType = 1;
			remoteGlobalIDString = B194B3E2266D346400508B38;
			remoteInfo = MemeMe;
		};
		B194B405266D346A00508B38 /* PBXContainerItemProxy */ = {
			isa = PBXContainerItemProxy;
			containerPortal = B194B3DB266D346400508B38 /* Project object */;
			proxyType = 1;
			remoteGlobalIDString = B194B3E2266D346400508B38;
			remoteInfo = MemeMe;
		};
/* End PBXContainerItemProxy section */

/* Begin PBXFileReference section */
		B194B3E3266D346400508B38 /* MemeMe.app */ = {isa = PBXFileReference; explicitFileType = wrapper.application; includeInIndex = 0; path = MemeMe.app; sourceTree = BUILT_PRODUCTS_DIR; };
		B194B3E6266D346400508B38 /* AppDelegate.swift */ = {isa = PBXFileReference; lastKnownFileType = sourcecode.swift; path = AppDelegate.swift; sourceTree = "<group>"; };
		B194B3E8266D346400508B38 /* SceneDelegate.swift */ = {isa = PBXFileReference; lastKnownFileType = sourcecode.swift; path = SceneDelegate.swift; sourceTree = "<group>"; };
		B194B3EA266D346400508B38 /* MemeEditorViewController.swift */ = {isa = PBXFileReference; lastKnownFileType = sourcecode.swift; path = MemeEditorViewController.swift; sourceTree = "<group>"; };
		B194B3ED266D346400508B38 /* Base */ = {isa = PBXFileReference; lastKnownFileType = file.storyboard; name = Base; path = Base.lproj/Main.storyboard; sourceTree = "<group>"; };
		B194B3EF266D346A00508B38 /* Assets.xcassets */ = {isa = PBXFileReference; lastKnownFileType = folder.assetcatalog; path = Assets.xcassets; sourceTree = "<group>"; };
		B194B3F2266D346A00508B38 /* Base */ = {isa = PBXFileReference; lastKnownFileType = file.storyboard; name = Base; path = Base.lproj/LaunchScreen.storyboard; sourceTree = "<group>"; };
		B194B3F4266D346A00508B38 /* Info.plist */ = {isa = PBXFileReference; lastKnownFileType = text.plist.xml; path = Info.plist; sourceTree = "<group>"; };
		B194B3F9266D346A00508B38 /* MemeMeTests.xctest */ = {isa = PBXFileReference; explicitFileType = wrapper.cfbundle; includeInIndex = 0; path = MemeMeTests.xctest; sourceTree = BUILT_PRODUCTS_DIR; };
		B194B3FD266D346A00508B38 /* MemeMeTests.swift */ = {isa = PBXFileReference; lastKnownFileType = sourcecode.swift; path = MemeMeTests.swift; sourceTree = "<group>"; };
		B194B3FF266D346A00508B38 /* Info.plist */ = {isa = PBXFileReference; lastKnownFileType = text.plist.xml; path = Info.plist; sourceTree = "<group>"; };
		B194B404266D346A00508B38 /* MemeMeUITests.xctest */ = {isa = PBXFileReference; explicitFileType = wrapper.cfbundle; includeInIndex = 0; path = MemeMeUITests.xctest; sourceTree = BUILT_PRODUCTS_DIR; };
		B194B408266D346A00508B38 /* MemeMeUITests.swift */ = {isa = PBXFileReference; lastKnownFileType = sourcecode.swift; path = MemeMeUITests.swift; sourceTree = "<group>"; };
		B194B40A266D346A00508B38 /* Info.plist */ = {isa = PBXFileReference; lastKnownFileType = text.plist.xml; path = Info.plist; sourceTree = "<group>"; };
		B194B416266ECA0900508B38 /* Meme.swift */ = {isa = PBXFileReference; lastKnownFileType = sourcecode.swift; path = Meme.swift; sourceTree = "<group>"; };
		B194B464267D540A00508B38 /* MemeCollectionViewCell.swift */ = {isa = PBXFileReference; lastKnownFileType = sourcecode.swift; path = MemeCollectionViewCell.swift; sourceTree = "<group>"; };
		B194B466267D540D00508B38 /* MemeCollectionViewController.swift */ = {isa = PBXFileReference; lastKnownFileType = sourcecode.swift; path = MemeCollectionViewController.swift; sourceTree = "<group>"; };
		B194B469267D55E000508B38 /* MemeTableViewCell.swift */ = {isa = PBXFileReference; lastKnownFileType = sourcecode.swift; path = MemeTableViewCell.swift; sourceTree = "<group>"; };
		B194B46B267D5B8100508B38 /* MemeDetailViewController.swift */ = {isa = PBXFileReference; lastKnownFileType = sourcecode.swift; path = MemeDetailViewController.swift; sourceTree = "<group>"; };
		B194B46D267D747800508B38 /* MemeTableViewController.swift */ = {isa = PBXFileReference; lastKnownFileType = sourcecode.swift; path = MemeTableViewController.swift; sourceTree = "<group>"; };
/* End PBXFileReference section */

/* Begin PBXFrameworksBuildPhase section */
		B194B3E0266D346400508B38 /* Frameworks */ = {
			isa = PBXFrameworksBuildPhase;
			buildActionMask = 2147483647;
			files = (
			);
			runOnlyForDeploymentPostprocessing = 0;
		};
		B194B3F6266D346A00508B38 /* Frameworks */ = {
			isa = PBXFrameworksBuildPhase;
			buildActionMask = 2147483647;
			files = (
			);
			runOnlyForDeploymentPostprocessing = 0;
		};
		B194B401266D346A00508B38 /* Frameworks */ = {
			isa = PBXFrameworksBuildPhase;
			buildActionMask = 2147483647;
			files = (
			);
			runOnlyForDeploymentPostprocessing = 0;
		};
/* End PBXFrameworksBuildPhase section */

/* Begin PBXGroup section */
		B194B3DA266D346400508B38 = {
			isa = PBXGroup;
			children = (
				B194B3E5266D346400508B38 /* MemeMe */,
				B194B3FC266D346A00508B38 /* MemeMeTests */,
				B194B407266D346A00508B38 /* MemeMeUITests */,
				B194B3E4266D346400508B38 /* Products */,
			);
			sourceTree = "<group>";
		};
		B194B3E4266D346400508B38 /* Products */ = {
			isa = PBXGroup;
			children = (
				B194B3E3266D346400508B38 /* MemeMe.app */,
				B194B3F9266D346A00508B38 /* MemeMeTests.xctest */,
				B194B404266D346A00508B38 /* MemeMeUITests.xctest */,
			);
			name = Products;
			sourceTree = "<group>";
		};
		B194B3E5266D346400508B38 /* MemeMe */ = {
			isa = PBXGroup;
			children = (
				B194B3E6266D346400508B38 /* AppDelegate.swift */,
				B194B3E8266D346400508B38 /* SceneDelegate.swift */,
				B194B3EA266D346400508B38 /* MemeEditorViewController.swift */,
				B194B46B267D5B8100508B38 /* MemeDetailViewController.swift */,
				B194B416266ECA0900508B38 /* Meme.swift */,
				B194B468267D547900508B38 /* CollectionView */,
				B194B462267D53D600508B38 /* TableView */,
				B194B3EC266D346400508B38 /* Main.storyboard */,
				B194B3F1266D346A00508B38 /* LaunchScreen.storyboard */,
				B194B3EF266D346A00508B38 /* Assets.xcassets */,
				B194B3F4266D346A00508B38 /* Info.plist */,
			);
			path = MemeMe;
			sourceTree = "<group>";
		};
		B194B3FC266D346A00508B38 /* MemeMeTests */ = {
			isa = PBXGroup;
			children = (
				B194B3FD266D346A00508B38 /* MemeMeTests.swift */,
				B194B3FF266D346A00508B38 /* Info.plist */,
			);
			path = MemeMeTests;
			sourceTree = "<group>";
		};
		B194B407266D346A00508B38 /* MemeMeUITests */ = {
			isa = PBXGroup;
			children = (
				B194B408266D346A00508B38 /* MemeMeUITests.swift */,
				B194B40A266D346A00508B38 /* Info.plist */,
			);
			path = MemeMeUITests;
			sourceTree = "<group>";
		};
		B194B462267D53D600508B38 /* TableView */ = {
			isa = PBXGroup;
			children = (
				B194B46D267D747800508B38 /* MemeTableViewController.swift */,
				B194B469267D55E000508B38 /* MemeTableViewCell.swift */,
			);
			path = TableView;
			sourceTree = "<group>";
		};
		B194B468267D547900508B38 /* CollectionView */ = {
			isa = PBXGroup;
			children = (
				B194B466267D540D00508B38 /* MemeCollectionViewController.swift */,
				B194B464267D540A00508B38 /* MemeCollectionViewCell.swift */,
			);
			name = CollectionView;
			sourceTree = "<group>";
		};
/* End PBXGroup section */

/* Begin PBXNativeTarget section */
		B194B3E2266D346400508B38 /* MemeMe */ = {
			isa = PBXNativeTarget;
			buildConfigurationList = B194B40D266D346A00508B38 /* Build configuration list for PBXNativeTarget "MemeMe" */;
			buildPhases = (
				B194B3DF266D346400508B38 /* Sources */,
				B194B3E0266D346400508B38 /* Frameworks */,
				B194B3E1266D346400508B38 /* Resources */,
			);
			buildRules = (
			);
			dependencies = (
			);
			name = MemeMe;
			productName = MemeMe;
			productReference = B194B3E3266D346400508B38 /* MemeMe.app */;
			productType = "com.apple.product-type.application";
		};
		B194B3F8266D346A00508B38 /* MemeMeTests */ = {
			isa = PBXNativeTarget;
			buildConfigurationList = B194B410266D346A00508B38 /* Build configuration list for PBXNativeTarget "MemeMeTests" */;
			buildPhases = (
				B194B3F5266D346A00508B38 /* Sources */,
				B194B3F6266D346A00508B38 /* Frameworks */,
				B194B3F7266D346A00508B38 /* Resources */,
			);
			buildRules = (
			);
			dependencies = (
				B194B3FB266D346A00508B38 /* PBXTargetDependency */,
			);
			name = MemeMeTests;
			productName = MemeMeTests;
			productReference = B194B3F9266D346A00508B38 /* MemeMeTests.xctest */;
			productType = "com.apple.product-type.bundle.unit-test";
		};
		B194B403266D346A00508B38 /* MemeMeUITests */ = {
			isa = PBXNativeTarget;
			buildConfigurationList = B194B413266D346A00508B38 /* Build configuration list for PBXNativeTarget "MemeMeUITests" */;
			buildPhases = (
				B194B400266D346A00508B38 /* Sources */,
				B194B401266D346A00508B38 /* Frameworks */,
				B194B402266D346A00508B38 /* Resources */,
			);
			buildRules = (
			);
			dependencies = (
				B194B406266D346A00508B38 /* PBXTargetDependency */,
			);
			name = MemeMeUITests;
			productName = MemeMeUITests;
			productReference = B194B404266D346A00508B38 /* MemeMeUITests.xctest */;
			productType = "com.apple.product-type.bundle.ui-testing";
		};
/* End PBXNativeTarget section */

/* Begin PBXProject section */
		B194B3DB266D346400508B38 /* Project object */ = {
			isa = PBXProject;
			attributes = {
				LastSwiftUpdateCheck = 1250;
				LastUpgradeCheck = 1250;
				TargetAttributes = {
					B194B3E2266D346400508B38 = {
						CreatedOnToolsVersion = 12.5;
					};
					B194B3F8266D346A00508B38 = {
						CreatedOnToolsVersion = 12.5;
						TestTargetID = B194B3E2266D346400508B38;
					};
					B194B403266D346A00508B38 = {
						CreatedOnToolsVersion = 12.5;
						TestTargetID = B194B3E2266D346400508B38;
					};
				};
			};
			buildConfigurationList = B194B3DE266D346400508B38 /* Build configuration list for PBXProject "MemeMe" */;
			compatibilityVersion = "Xcode 9.3";
			developmentRegion = en;
			hasScannedForEncodings = 0;
			knownRegions = (
				en,
				Base,
			);
			mainGroup = B194B3DA266D346400508B38;
			productRefGroup = B194B3E4266D346400508B38 /* Products */;
			projectDirPath = "";
			projectRoot = "";
			targets = (
				B194B3E2266D346400508B38 /* MemeMe */,
				B194B3F8266D346A00508B38 /* MemeMeTests */,
				B194B403266D346A00508B38 /* MemeMeUITests */,
			);
		};
/* End PBXProject section */

/* Begin PBXResourcesBuildPhase section */
		B194B3E1266D346400508B38 /* Resources */ = {
			isa = PBXResourcesBuildPhase;
			buildActionMask = 2147483647;
			files = (
				B194B3F3266D346A00508B38 /* LaunchScreen.storyboard in Resources */,
				B194B3F0266D346A00508B38 /* Assets.xcassets in Resources */,
				B194B3EE266D346400508B38 /* Main.storyboard in Resources */,
			);
			runOnlyForDeploymentPostprocessing = 0;
		};
		B194B3F7266D346A00508B38 /* Resources */ = {
			isa = PBXResourcesBuildPhase;
			buildActionMask = 2147483647;
			files = (
			);
			runOnlyForDeploymentPostprocessing = 0;
		};
		B194B402266D346A00508B38 /* Resources */ = {
			isa = PBXResourcesBuildPhase;
			buildActionMask = 2147483647;
			files = (
			);
			runOnlyForDeploymentPostprocessing = 0;
		};
/* End PBXResourcesBuildPhase section */

/* Begin PBXSourcesBuildPhase section */
		B194B3DF266D346400508B38 /* Sources */ = {
			isa = PBXSourcesBuildPhase;
			buildActionMask = 2147483647;
			files = (
				B194B465267D540A00508B38 /* MemeCollectionViewCell.swift in Sources */,
				B194B3EB266D346400508B38 /* MemeEditorViewController.swift in Sources */,
				B194B417266ECA0900508B38 /* Meme.swift in Sources */,
				B194B46E267D747800508B38 /* MemeTableViewController.swift in Sources */,
				B194B3E7266D346400508B38 /* AppDelegate.swift in Sources */,
				B194B46A267D55E000508B38 /* MemeTableViewCell.swift in Sources */,
				B194B467267D540D00508B38 /* MemeCollectionViewController.swift in Sources */,
				B194B3E9266D346400508B38 /* SceneDelegate.swift in Sources */,
				B194B46C267D5B8100508B38 /* MemeDetailViewController.swift in Sources */,
			);
			runOnlyForDeploymentPostprocessing = 0;
		};
		B194B3F5266D346A00508B38 /* Sources */ = {
			isa = PBXSourcesBuildPhase;
			buildActionMask = 2147483647;
			files = (
				B194B3FE266D346A00508B38 /* MemeMeTests.swift in Sources */,
			);
			runOnlyForDeploymentPostprocessing = 0;
		};
		B194B400266D346A00508B38 /* Sources */ = {
			isa = PBXSourcesBuildPhase;
			buildActionMask = 2147483647;
			files = (
				B194B409266D346A00508B38 /* MemeMeUITests.swift in Sources */,
			);
			runOnlyForDeploymentPostprocessing = 0;
		};
/* End PBXSourcesBuildPhase section */

/* Begin PBXTargetDependency section */
		B194B3FB266D346A00508B38 /* PBXTargetDependency */ = {
			isa = PBXTargetDependency;
			target = B194B3E2266D346400508B38 /* MemeMe */;
			targetProxy = B194B3FA266D346A00508B38 /* PBXContainerItemProxy */;
		};
		B194B406266D346A00508B38 /* PBXTargetDependency */ = {
			isa = PBXTargetDependency;
			target = B194B3E2266D346400508B38 /* MemeMe */;
			targetProxy = B194B405266D346A00508B38 /* PBXContainerItemProxy */;
		};
/* End PBXTargetDependency section */

/* Begin PBXVariantGroup section */
		B194B3EC266D346400508B38 /* Main.storyboard */ = {
			isa = PBXVariantGroup;
			children = (
				B194B3ED266D346400508B38 /* Base */,
			);
			name = Main.storyboard;
			sourceTree = "<group>";
		};
		B194B3F1266D346A00508B38 /* LaunchScreen.storyboard */ = {
			isa = PBXVariantGroup;
			children = (
				B194B3F2266D346A00508B38 /* Base */,
			);
			name = LaunchScreen.storyboard;
			sourceTree = "<group>";
		};
/* End PBXVariantGroup section */

/* Begin XCBuildConfiguration section */
		B194B40B266D346A00508B38 /* Debug */ = {
			isa = XCBuildConfiguration;
			buildSettings = {
				ALWAYS_SEARCH_USER_PATHS = NO;
				CLANG_ANALYZER_NONNULL = YES;
				CLANG_ANALYZER_NUMBER_OBJECT_CONVERSION = YES_AGGRESSIVE;
				CLANG_CXX_LANGUAGE_STANDARD = "gnu++14";
				CLANG_CXX_LIBRARY = "libc++";
				CLANG_ENABLE_MODULES = YES;
				CLANG_ENABLE_OBJC_ARC = YES;
				CLANG_ENABLE_OBJC_WEAK = YES;
				CLANG_WARN_BLOCK_CAPTURE_AUTORELEASING = YES;
				CLANG_WARN_BOOL_CONVERSION = YES;
				CLANG_WARN_COMMA = YES;
				CLANG_WARN_CONSTANT_CONVERSION = YES;
				CLANG_WARN_DEPRECATED_OBJC_IMPLEMENTATIONS = YES;
				CLANG_WARN_DIRECT_OBJC_ISA_USAGE = YES_ERROR;
				CLANG_WARN_DOCUMENTATION_COMMENTS = YES;
				CLANG_WARN_EMPTY_BODY = YES;
				CLANG_WARN_ENUM_CONVERSION = YES;
				CLANG_WARN_INFINITE_RECURSION = YES;
				CLANG_WARN_INT_CONVERSION = YES;
				CLANG_WARN_NON_LITERAL_NULL_CONVERSION = YES;
				CLANG_WARN_OBJC_IMPLICIT_RETAIN_SELF = YES;
				CLANG_WARN_OBJC_LITERAL_CONVERSION = YES;
				CLANG_WARN_OBJC_ROOT_CLASS = YES_ERROR;
				CLANG_WARN_QUOTED_INCLUDE_IN_FRAMEWORK_HEADER = YES;
				CLANG_WARN_RANGE_LOOP_ANALYSIS = YES;
				CLANG_WARN_STRICT_PROTOTYPES = YES;
				CLANG_WARN_SUSPICIOUS_MOVE = YES;
				CLANG_WARN_UNGUARDED_AVAILABILITY = YES_AGGRESSIVE;
				CLANG_WARN_UNREACHABLE_CODE = YES;
				CLANG_WARN__DUPLICATE_METHOD_MATCH = YES;
				COPY_PHASE_STRIP = NO;
				DEBUG_INFORMATION_FORMAT = dwarf;
				ENABLE_STRICT_OBJC_MSGSEND = YES;
				ENABLE_TESTABILITY = YES;
				GCC_C_LANGUAGE_STANDARD = gnu11;
				GCC_DYNAMIC_NO_PIC = NO;
				GCC_NO_COMMON_BLOCKS = YES;
				GCC_OPTIMIZATION_LEVEL = 0;
				GCC_PREPROCESSOR_DEFINITIONS = (
					"DEBUG=1",
					"$(inherited)",
				);
				GCC_WARN_64_TO_32_BIT_CONVERSION = YES;
				GCC_WARN_ABOUT_RETURN_TYPE = YES_ERROR;
				GCC_WARN_UNDECLARED_SELECTOR = YES;
				GCC_WARN_UNINITIALIZED_AUTOS = YES_AGGRESSIVE;
				GCC_WARN_UNUSED_FUNCTION = YES;
				GCC_WARN_UNUSED_VARIABLE = YES;
				IPHONEOS_DEPLOYMENT_TARGET = 14.5;
				MTL_ENABLE_DEBUG_INFO = INCLUDE_SOURCE;
				MTL_FAST_MATH = YES;
				ONLY_ACTIVE_ARCH = YES;
				SDKROOT = iphoneos;
				SWIFT_ACTIVE_COMPILATION_CONDITIONS = DEBUG;
				SWIFT_OPTIMIZATION_LEVEL = "-Onone";
			};
			name = Debug;
		};
		B194B40C266D346A00508B38 /* Release */ = {
			isa = XCBuildConfiguration;
			buildSettings = {
				ALWAYS_SEARCH_USER_PATHS = NO;
				CLANG_ANALYZER_NONNULL = YES;
				CLANG_ANALYZER_NUMBER_OBJECT_CONVERSION = YES_AGGRESSIVE;
				CLANG_CXX_LANGUAGE_STANDARD = "gnu++14";
				CLANG_CXX_LIBRARY = "libc++";
				CLANG_ENABLE_MODULES = YES;
				CLANG_ENABLE_OBJC_ARC = YES;
				CLANG_ENABLE_OBJC_WEAK = YES;
				CLANG_WARN_BLOCK_CAPTURE_AUTORELEASING = YES;
				CLANG_WARN_BOOL_CONVERSION = YES;
				CLANG_WARN_COMMA = YES;
				CLANG_WARN_CONSTANT_CONVERSION = YES;
				CLANG_WARN_DEPRECATED_OBJC_IMPLEMENTATIONS = YES;
				CLANG_WARN_DIRECT_OBJC_ISA_USAGE = YES_ERROR;
				CLANG_WARN_DOCUMENTATION_COMMENTS = YES;
				CLANG_WARN_EMPTY_BODY = YES;
				CLANG_WARN_ENUM_CONVERSION = YES;
				CLANG_WARN_INFINITE_RECURSION = YES;
				CLANG_WARN_INT_CONVERSION = YES;
				CLANG_WARN_NON_LITERAL_NULL_CONVERSION = YES;
				CLANG_WARN_OBJC_IMPLICIT_RETAIN_SELF = YES;
				CLANG_WARN_OBJC_LITERAL_CONVERSION = YES;
				CLANG_WARN_OBJC_ROOT_CLASS = YES_ERROR;
				CLANG_WARN_QUOTED_INCLUDE_IN_FRAMEWORK_HEADER = YES;
				CLANG_WARN_RANGE_LOOP_ANALYSIS = YES;
				CLANG_WARN_STRICT_PROTOTYPES = YES;
				CLANG_WARN_SUSPICIOUS_MOVE = YES;
				CLANG_WARN_UNGUARDED_AVAILABILITY = YES_AGGRESSIVE;
				CLANG_WARN_UNREACHABLE_CODE = YES;
				CLANG_WARN__DUPLICATE_METHOD_MATCH = YES;
				COPY_PHASE_STRIP = NO;
				DEBUG_INFORMATION_FORMAT = "dwarf-with-dsym";
				ENABLE_NS_ASSERTIONS = NO;
				ENABLE_STRICT_OBJC_MSGSEND = YES;
				GCC_C_LANGUAGE_STANDARD = gnu11;
				GCC_NO_COMMON_BLOCKS = YES;
				GCC_WARN_64_TO_32_BIT_CONVERSION = YES;
				GCC_WARN_ABOUT_RETURN_TYPE = YES_ERROR;
				GCC_WARN_UNDECLARED_SELECTOR = YES;
				GCC_WARN_UNINITIALIZED_AUTOS = YES_AGGRESSIVE;
				GCC_WARN_UNUSED_FUNCTION = YES;
				GCC_WARN_UNUSED_VARIABLE = YES;
				IPHONEOS_DEPLOYMENT_TARGET = 14.5;
				MTL_ENABLE_DEBUG_INFO = NO;
				MTL_FAST_MATH = YES;
				SDKROOT = iphoneos;
				SWIFT_COMPILATION_MODE = wholemodule;
				SWIFT_OPTIMIZATION_LEVEL = "-O";
				VALIDATE_PRODUCT = YES;
			};
			name = Release;
		};
		B194B40E266D346A00508B38 /* Debug */ = {
			isa = XCBuildConfiguration;
			buildSettings = {
				ASSETCATALOG_COMPILER_APPICON_NAME = AppIcon;
				ASSETCATALOG_COMPILER_GLOBAL_ACCENT_COLOR_NAME = AccentColor;
				CODE_SIGN_STYLE = Automatic;
				INFOPLIST_FILE = MemeMe/Info.plist;
				LD_RUNPATH_SEARCH_PATHS = (
					"$(inherited)",
					"@executable_path/Frameworks",
				);
				PRODUCT_BUNDLE_IDENTIFIER = com.Udacity.MemeMe;
				PRODUCT_NAME = "$(TARGET_NAME)";
				SWIFT_VERSION = 5.0;
				TARGETED_DEVICE_FAMILY = "1,2";
			};
			name = Debug;
		};
		B194B40F266D346A00508B38 /* Release */ = {
			isa = XCBuildConfiguration;
			buildSettings = {
				ASSETCATALOG_COMPILER_APPICON_NAME = AppIcon;
				ASSETCATALOG_COMPILER_GLOBAL_ACCENT_COLOR_NAME = AccentColor;
				CODE_SIGN_STYLE = Automatic;
				INFOPLIST_FILE = MemeMe/Info.plist;
				LD_RUNPATH_SEARCH_PATHS = (
					"$(inherited)",
					"@executable_path/Frameworks",
				);
				PRODUCT_BUNDLE_IDENTIFIER = com.Udacity.MemeMe;
				PRODUCT_NAME = "$(TARGET_NAME)";
				SWIFT_VERSION = 5.0;
				TARGETED_DEVICE_FAMILY = "1,2";
			};
			name = Release;
		};
		B194B411266D346A00508B38 /* Debug */ = {
			isa = XCBuildConfiguration;
			buildSettings = {
				ALWAYS_EMBED_SWIFT_STANDARD_LIBRARIES = YES;
				BUNDLE_LOADER = "$(TEST_HOST)";
				CODE_SIGN_STYLE = Automatic;
				INFOPLIST_FILE = MemeMeTests/Info.plist;
				IPHONEOS_DEPLOYMENT_TARGET = 14.5;
				LD_RUNPATH_SEARCH_PATHS = (
					"$(inherited)",
					"@executable_path/Frameworks",
					"@loader_path/Frameworks",
				);
				PRODUCT_BUNDLE_IDENTIFIER = com.Udacity.MemeMeTests;
				PRODUCT_NAME = "$(TARGET_NAME)";
				SWIFT_VERSION = 5.0;
				TARGETED_DEVICE_FAMILY = "1,2";
				TEST_HOST = "$(BUILT_PRODUCTS_DIR)/MemeMe.app/MemeMe";
			};
			name = Debug;
		};
		B194B412266D346A00508B38 /* Release */ = {
			isa = XCBuildConfiguration;
			buildSettings = {
				ALWAYS_EMBED_SWIFT_STANDARD_LIBRARIES = YES;
				BUNDLE_LOADER = "$(TEST_HOST)";
				CODE_SIGN_STYLE = Automatic;
				INFOPLIST_FILE = MemeMeTests/Info.plist;
				IPHONEOS_DEPLOYMENT_TARGET = 14.5;
				LD_RUNPATH_SEARCH_PATHS = (
					"$(inherited)",
					"@executable_path/Frameworks",
					"@loader_path/Frameworks",
				);
				PRODUCT_BUNDLE_IDENTIFIER = com.Udacity.MemeMeTests;
				PRODUCT_NAME = "$(TARGET_NAME)";
				SWIFT_VERSION = 5.0;
				TARGETED_DEVICE_FAMILY = "1,2";
				TEST_HOST = "$(BUILT_PRODUCTS_DIR)/MemeMe.app/MemeMe";
			};
			name = Release;
		};
		B194B414266D346A00508B38 /* Debug */ = {
			isa = XCBuildConfiguration;
			buildSettings = {
				ALWAYS_EMBED_SWIFT_STANDARD_LIBRARIES = YES;
				CODE_SIGN_STYLE = Automatic;
				INFOPLIST_FILE = MemeMeUITests/Info.plist;
				LD_RUNPATH_SEARCH_PATHS = (
					"$(inherited)",
					"@executable_path/Frameworks",
					"@loader_path/Frameworks",
				);
				PRODUCT_BUNDLE_IDENTIFIER = com.Udacity.MemeMeUITests;
				PRODUCT_NAME = "$(TARGET_NAME)";
				SWIFT_VERSION = 5.0;
				TARGETED_DEVICE_FAMILY = "1,2";
				TEST_TARGET_NAME = MemeMe;
			};
			name = Debug;
		};
		B194B415266D346A00508B38 /* Release */ = {
			isa = XCBuildConfiguration;
			buildSettings = {
				ALWAYS_EMBED_SWIFT_STANDARD_LIBRARIES = YES;
				CODE_SIGN_STYLE = Automatic;
				INFOPLIST_FILE = MemeMeUITests/Info.plist;
				LD_RUNPATH_SEARCH_PATHS = (
					"$(inherited)",
					"@executable_path/Frameworks",
					"@loader_path/Frameworks",
				);
				PRODUCT_BUNDLE_IDENTIFIER = com.Udacity.MemeMeUITests;
				PRODUCT_NAME = "$(TARGET_NAME)";
				SWIFT_VERSION = 5.0;
				TARGETED_DEVICE_FAMILY = "1,2";
				TEST_TARGET_NAME = MemeMe;
			};
			name = Release;
		};
/* End XCBuildConfiguration section */

/* Begin XCConfigurationList section */
		B194B3DE266D346400508B38 /* Build configuration list for PBXProject "MemeMe" */ = {
			isa = XCConfigurationList;
			buildConfigurations = (
				B194B40B266D346A00508B38 /* Debug */,
				B194B40C266D346A00508B38 /* Release */,
			);
			defaultConfigurationIsVisible = 0;
			defaultConfigurationName = Release;
		};
		B194B40D266D346A00508B38 /* Build configuration list for PBXNativeTarget "MemeMe" */ = {
			isa = XCConfigurationList;
			buildConfigurations = (
				B194B40E266D346A00508B38 /* Debug */,
				B194B40F266D346A00508B38 /* Release */,
			);
			defaultConfigurationIsVisible = 0;
			defaultConfigurationName = Release;
		};
		B194B410266D346A00508B38 /* Build configuration list for PBXNativeTarget "MemeMeTests" */ = {
			isa = XCConfigurationList;
			buildConfigurations = (
				B194B411266D346A00508B38 /* Debug */,
				B194B412266D346A00508B38 /* Release */,
			);
			defaultConfigurationIsVisible = 0;
			defaultConfigurationName = Release;
		};
		B194B413266D346A00508B38 /* Build configuration list for PBXNativeTarget "MemeMeUITests" */ = {
			isa = XCConfigurationList;
			buildConfigurations = (
				B194B414266D346A00508B38 /* Debug */,
				B194B415266D346A00508B38 /* Release */,
			);
			defaultConfigurationIsVisible = 0;
			defaultConfigurationName = Release;
		};
/* End XCConfigurationList section */
	};
	rootObject = B194B3DB266D346400508B38 /* Project object */;
}
